
Microsoft Visual Studio Solution File, Format Version 12.00
Project("{FAE04EC0-301F-11D3-BF4B-00C04F79EFBC}") = "Prointer_projekat", "Prointer_projekat\Prointer_projekat.csproj", "{42A1071E-D85E-461F-9330-E7632D99E729}"
EndProject
Global
	GlobalSection(SolutionConfigurationPlatforms) = preSolution
		Debug|Any CPU = Debug|Any CPU
		Release|Any CPU = Release|Any CPU
	EndGlobalSection
	GlobalSection(ProjectConfigurationPlatforms) = postSolution
		{42A1071E-D85E-461F-9330-E7632D99E729}.Debug|Any CPU.ActiveCfg = Debug|Any CPU
		{42A1071E-D85E-461F-9330-E7632D99E729}.Debug|Any CPU.Build.0 = Debug|Any CPU
		{42A1071E-D85E-461F-9330-E7632D99E729}.Release|Any CPU.ActiveCfg = Release|Any CPU
		{42A1071E-D85E-461F-9330-E7632D99E729}.Release|Any CPU.Build.0 = Release|Any CPU
	EndGlobalSection
EndGlobal
